
Microsoft Visual Studio Solution File, Format Version 12.00
# Blend for Visual Studio Version 16
VisualStudioVersion = 16.0.29728.190
MinimumVisualStudioVersion = 10.0.40219.1
Project("{FAE04EC0-301F-11D3-BF4B-00C04F79EFBC}") = "RickButton", "RickButton.csproj", "{F89C5651-A36D-4438-A803-D2F2DCD03842}"
EndProject
Global
	GlobalSection(SolutionConfigurationPlatforms) = preSolution
		Debug|Any CPU = Debug|Any CPU
		Release|Any CPU = Release|Any CPU
	EndGlobalSection
	GlobalSection(ProjectConfigurationPlatforms) = postSolution
		{F89C5651-A36D-4438-A803-D2F2DCD03842}.Debug|Any CPU.ActiveCfg = Debug|Any CPU
		{F89C5651-A36D-4438-A803-D2F2DCD03842}.Debug|Any CPU.Build.0 = Debug|Any CPU
		{F89C5651-A36D-4438-A803-D2F2DCD03842}.Release|Any CPU.ActiveCfg = Release|Any CPU
		{F89C5651-A36D-4438-A803-D2F2DCD03842}.Release|Any CPU.Build.0 = Release|Any CPU
	EndGlobalSection
	GlobalSection(SolutionProperties) = preSolution
		HideSolutionNode = FALSE
	EndGlobalSection
	GlobalSection(ExtensibilityGlobals) = postSolution
		SolutionGuid = {9C1D9AD6-2B33-44E6-8199-8D04E1786DEC}
	EndGlobalSection
EndGlobal
